
Microsoft Visual Studio Solution File, Format Version 12.00
# Visual Studio 15
VisualStudioVersion = 15.0.28010.2041
MinimumVisualStudioVersion = 10.0.40219.1
Project("{FAE04EC0-301F-11D3-BF4B-00C04F79EFBC}") = "CPSC418Trail", "CPSC418Trail\CPSC418Trail.csproj", "{3752C2D9-E33A-430E-9AFE-21499D085BA4}"
EndProject
Global
	GlobalSection(SolutionConfigurationPlatforms) = preSolution
		Debug|Any CPU = Debug|Any CPU
		Release|Any CPU = Release|Any CPU
	EndGlobalSection
	GlobalSection(ProjectConfigurationPlatforms) = postSolution
		{3752C2D9-E33A-430E-9AFE-21499D085BA4}.Debug|Any CPU.ActiveCfg = Debug|Any CPU
		{3752C2D9-E33A-430E-9AFE-21499D085BA4}.Debug|Any CPU.Build.0 = Debug|Any CPU
		{3752C2D9-E33A-430E-9AFE-21499D085BA4}.Release|Any CPU.ActiveCfg = Release|Any CPU
		{3752C2D9-E33A-430E-9AFE-21499D085BA4}.Release|Any CPU.Build.0 = Release|Any CPU
	EndGlobalSection
	GlobalSection(SolutionProperties) = preSolution
		HideSolutionNode = FALSE
	EndGlobalSection
	GlobalSection(ExtensibilityGlobals) = postSolution
		SolutionGuid = {082B04D1-3FFD-4EA5-A195-85CD82456963}
	EndGlobalSection
EndGlobal
